// !$*UTF8*$!
{
	archiveVersion = 1;
	classes = {
	};
	objectVersion = 56;
	objects = {

/* Begin PBXBuildFile section */
		7FAC5D5E2CC550D600B6E00C /* BetMeUpFinalizedApp.swift in Sources */ = {isa = PBXBuildFile; fileRef = 7FAC5D5D2CC550D600B6E00C /* BetMeUpFinalizedApp.swift */; };
		7FAC5D782CC5512F00B6E00C /* BadgeBackground.swift in Sources */ = {isa = PBXBuildFile; fileRef = 7FAC5D6B2CC5512200B6E00C /* BadgeBackground.swift */; };
		7FAC5D792CC5512F00B6E00C /* ProfileView.swift in Sources */ = {isa = PBXBuildFile; fileRef = 7FAC5D6C2CC5512200B6E00C /* ProfileView.swift */; };
		7FAC5D7A2CC5512F00B6E00C /* BetCardView.swift in Sources */ = {isa = PBXBuildFile; fileRef = 7FAC5D6D2CC5512300B6E00C /* BetCardView.swift */; };
		7FAC5D7B2CC5512F00B6E00C /* CuboidView.swift in Sources */ = {isa = PBXBuildFile; fileRef = 7FAC5D6E2CC5512400B6E00C /* CuboidView.swift */; };
		7FAC5D7D2CC5512F00B6E00C /* Badge.swift in Sources */ = {isa = PBXBuildFile; fileRef = 7FAC5D702CC5512600B6E00C /* Badge.swift */; };
		7FAC5D7E2CC5512F00B6E00C /* MainFeedView.swift in Sources */ = {isa = PBXBuildFile; fileRef = 7FAC5D712CC5512700B6E00C /* MainFeedView.swift */; };
		7FAC5D7F2CC5512F00B6E00C /* CreateBetView.swift in Sources */ = {isa = PBXBuildFile; fileRef = 7FAC5D722CC5512700B6E00C /* CreateBetView.swift */; };
		7FAC5D802CC5512F00B6E00C /* BadgeSymbol.swift in Sources */ = {isa = PBXBuildFile; fileRef = 7FAC5D732CC5512C00B6E00C /* BadgeSymbol.swift */; };
		7FAC5D812CC5512F00B6E00C /* BetDetailView.swift in Sources */ = {isa = PBXBuildFile; fileRef = 7FAC5D742CC5512C00B6E00C /* BetDetailView.swift */; };
		7FAC5D822CC5512F00B6E00C /* LeaderboardView.swift in Sources */ = {isa = PBXBuildFile; fileRef = 7FAC5D752CC5512D00B6E00C /* LeaderboardView.swift */; };
		7FAC5D832CC5512F00B6E00C /* RotatedBadgeSymbol.swift in Sources */ = {isa = PBXBuildFile; fileRef = 7FAC5D762CC5512E00B6E00C /* RotatedBadgeSymbol.swift */; };
		7FAC5D842CC5512F00B6E00C /* HexagonParameters.swift in Sources */ = {isa = PBXBuildFile; fileRef = 7FAC5D772CC5512F00B6E00C /* HexagonParameters.swift */; };
		7FAC5D862CC555EA00B6E00C /* Assets.xcassets in Resources */ = {isa = PBXBuildFile; fileRef = 7FAC5D852CC555EA00B6E00C /* Assets.xcassets */; };
/* End PBXBuildFile section */

/* Begin PBXFileReference section */
		7FAC5D5A2CC550D600B6E00C /* BetMeUpFinalized.app */ = {isa = PBXFileReference; explicitFileType = wrapper.application; includeInIndex = 0; path = BetMeUpFinalized.app; sourceTree = BUILT_PRODUCTS_DIR; };
		7FAC5D5D2CC550D600B6E00C /* BetMeUpFinalizedApp.swift */ = {isa = PBXFileReference; lastKnownFileType = sourcecode.swift; path = BetMeUpFinalizedApp.swift; sourceTree = "<group>"; };
		7FAC5D6B2CC5512200B6E00C /* BadgeBackground.swift */ = {isa = PBXFileReference; fileEncoding = 4; lastKnownFileType = sourcecode.swift; path = BadgeBackground.swift; sourceTree = "<group>"; };
		7FAC5D6C2CC5512200B6E00C /* ProfileView.swift */ = {isa = PBXFileReference; fileEncoding = 4; lastKnownFileType = sourcecode.swift; path = ProfileView.swift; sourceTree = "<group>"; };
		7FAC5D6D2CC5512300B6E00C /* BetCardView.swift */ = {isa = PBXFileReference; fileEncoding = 4; lastKnownFileType = sourcecode.swift; path = BetCardView.swift; sourceTree = "<group>"; };
		7FAC5D6E2CC5512400B6E00C /* CuboidView.swift */ = {isa = PBXFileReference; fileEncoding = 4; lastKnownFileType = sourcecode.swift; path = CuboidView.swift; sourceTree = "<group>"; };
		7FAC5D702CC5512600B6E00C /* Badge.swift */ = {isa = PBXFileReference; fileEncoding = 4; lastKnownFileType = sourcecode.swift; path = Badge.swift; sourceTree = "<group>"; };
		7FAC5D712CC5512700B6E00C /* MainFeedView.swift */ = {isa = PBXFileReference; fileEncoding = 4; lastKnownFileType = sourcecode.swift; path = MainFeedView.swift; sourceTree = "<group>"; };
		7FAC5D722CC5512700B6E00C /* CreateBetView.swift */ = {isa = PBXFileReference; fileEncoding = 4; lastKnownFileType = sourcecode.swift; path = CreateBetView.swift; sourceTree = "<group>"; };
		7FAC5D732CC5512C00B6E00C /* BadgeSymbol.swift */ = {isa = PBXFileReference; fileEncoding = 4; lastKnownFileType = sourcecode.swift; path = BadgeSymbol.swift; sourceTree = "<group>"; };
		7FAC5D742CC5512C00B6E00C /* BetDetailView.swift */ = {isa = PBXFileReference; fileEncoding = 4; lastKnownFileType = sourcecode.swift; path = BetDetailView.swift; sourceTree = "<group>"; };
		7FAC5D752CC5512D00B6E00C /* LeaderboardView.swift */ = {isa = PBXFileReference; fileEncoding = 4; lastKnownFileType = sourcecode.swift; path = LeaderboardView.swift; sourceTree = "<group>"; };
		7FAC5D762CC5512E00B6E00C /* RotatedBadgeSymbol.swift */ = {isa = PBXFileReference; fileEncoding = 4; lastKnownFileType = sourcecode.swift; path = RotatedBadgeSymbol.swift; sourceTree = "<group>"; };
		7FAC5D772CC5512F00B6E00C /* HexagonParameters.swift */ = {isa = PBXFileReference; fileEncoding = 4; lastKnownFileType = sourcecode.swift; path = HexagonParameters.swift; sourceTree = "<group>"; };
		7FAC5D852CC555EA00B6E00C /* Assets.xcassets */ = {isa = PBXFileReference; lastKnownFileType = folder.assetcatalog; path = Assets.xcassets; sourceTree = "<group>"; };
/* End PBXFileReference section */

/* Begin PBXFrameworksBuildPhase section */
		7FAC5D572CC550D600B6E00C /* Frameworks */ = {
			isa = PBXFrameworksBuildPhase;
			buildActionMask = 2147483647;
			files = (
			);
			runOnlyForDeploymentPostprocessing = 0;
		};
/* End PBXFrameworksBuildPhase section */

/* Begin PBXGroup section */
		7FAC5D512CC550D600B6E00C = {
			isa = PBXGroup;
			children = (
				7FAC5D702CC5512600B6E00C /* Badge.swift */,
				7FAC5D6B2CC5512200B6E00C /* BadgeBackground.swift */,
				7FAC5D732CC5512C00B6E00C /* BadgeSymbol.swift */,
				7FAC5D6D2CC5512300B6E00C /* BetCardView.swift */,
				7FAC5D742CC5512C00B6E00C /* BetDetailView.swift */,
				7FAC5D722CC5512700B6E00C /* CreateBetView.swift */,
				7FAC5D6E2CC5512400B6E00C /* CuboidView.swift */,
				7FAC5D772CC5512F00B6E00C /* HexagonParameters.swift */,
				7FAC5D752CC5512D00B6E00C /* LeaderboardView.swift */,
				7FAC5D712CC5512700B6E00C /* MainFeedView.swift */,
				7FAC5D852CC555EA00B6E00C /* Assets.xcassets */,
				7FAC5D6C2CC5512200B6E00C /* ProfileView.swift */,
				7FAC5D762CC5512E00B6E00C /* RotatedBadgeSymbol.swift */,
				7FAC5D5D2CC550D600B6E00C /* BetMeUpFinalizedApp.swift */,
				7FAC5D5B2CC550D600B6E00C /* Products */,
			);
			sourceTree = "<group>";
		};
		7FAC5D5B2CC550D600B6E00C /* Products */ = {
			isa = PBXGroup;
			children = (
				7FAC5D5A2CC550D600B6E00C /* BetMeUpFinalized.app */,
			);
			name = Products;
			sourceTree = "<group>";
		};
/* End PBXGroup section */

/* Begin PBXNativeTarget section */
		7FAC5D592CC550D600B6E00C /* BetMeUpFinalized */ = {
			isa = PBXNativeTarget;
			buildConfigurationList = 7FAC5D682CC550D700B6E00C /* Build configuration list for PBXNativeTarget "BetMeUpFinalized" */;
			buildPhases = (
				7FAC5D562CC550D600B6E00C /* Sources */,
				7FAC5D572CC550D600B6E00C /* Frameworks */,
				7FAC5D582CC550D600B6E00C /* Resources */,
			);
			buildRules = (
			);
			dependencies = (
			);
			name = BetMeUpFinalized;
			productName = BetMeUpFinalized;
			productReference = 7FAC5D5A2CC550D600B6E00C /* BetMeUpFinalized.app */;
			productType = "com.apple.product-type.application";
		};
/* End PBXNativeTarget section */

/* Begin PBXProject section */
		7FAC5D522CC550D600B6E00C /* Project object */ = {
			isa = PBXProject;
			attributes = {
				BuildIndependentTargetsInParallel = 1;
				LastSwiftUpdateCheck = 1540;
				LastUpgradeCheck = 1540;
				TargetAttributes = {
					7FAC5D592CC550D600B6E00C = {
						CreatedOnToolsVersion = 15.4;
					};
				};
			};
			buildConfigurationList = 7FAC5D552CC550D600B6E00C /* Build configuration list for PBXProject "BetMeUpFinalized" */;
			compatibilityVersion = "Xcode 14.0";
			developmentRegion = en;
			hasScannedForEncodings = 0;
			knownRegions = (
				en,
				Base,
			);
			mainGroup = 7FAC5D512CC550D600B6E00C;
			productRefGroup = 7FAC5D5B2CC550D600B6E00C /* Products */;
			projectDirPath = "";
			projectRoot = "";
			targets = (
				7FAC5D592CC550D600B6E00C /* BetMeUpFinalized */,
			);
		};
/* End PBXProject section */

/* Begin PBXResourcesBuildPhase section */
		7FAC5D582CC550D600B6E00C /* Resources */ = {
			isa = PBXResourcesBuildPhase;
			buildActionMask = 2147483647;
			files = (
				7FAC5D862CC555EA00B6E00C /* Assets.xcassets in Resources */,
			);
			runOnlyForDeploymentPostprocessing = 0;
		};
/* End PBXResourcesBuildPhase section */

/* Begin PBXSourcesBuildPhase section */
		7FAC5D562CC550D600B6E00C /* Sources */ = {
			isa = PBXSourcesBuildPhase;
			buildActionMask = 2147483647;
			files = (
				7FAC5D842CC5512F00B6E00C /* HexagonParameters.swift in Sources */,
				7FAC5D7B2CC5512F00B6E00C /* CuboidView.swift in Sources */,
				7FAC5D7D2CC5512F00B6E00C /* Badge.swift in Sources */,
				7FAC5D7E2CC5512F00B6E00C /* MainFeedView.swift in Sources */,
				7FAC5D7F2CC5512F00B6E00C /* CreateBetView.swift in Sources */,
				7FAC5D832CC5512F00B6E00C /* RotatedBadgeSymbol.swift in Sources */,
				7FAC5D802CC5512F00B6E00C /* BadgeSymbol.swift in Sources */,
				7FAC5D792CC5512F00B6E00C /* ProfileView.swift in Sources */,
				7FAC5D782CC5512F00B6E00C /* BadgeBackground.swift in Sources */,
				7FAC5D5E2CC550D600B6E00C /* BetMeUpFinalizedApp.swift in Sources */,
				7FAC5D7A2CC5512F00B6E00C /* BetCardView.swift in Sources */,
				7FAC5D812CC5512F00B6E00C /* BetDetailView.swift in Sources */,
				7FAC5D822CC5512F00B6E00C /* LeaderboardView.swift in Sources */,
			);
			runOnlyForDeploymentPostprocessing = 0;
		};
/* End PBXSourcesBuildPhase section */

/* Begin XCBuildConfiguration section */
		7FAC5D662CC550D700B6E00C /* Debug */ = {
			isa = XCBuildConfiguration;
			buildSettings = {
				ALWAYS_SEARCH_USER_PATHS = NO;
				ASSETCATALOG_COMPILER_GENERATE_SWIFT_ASSET_SYMBOL_EXTENSIONS = YES;
				CLANG_ANALYZER_NONNULL = YES;
				CLANG_ANALYZER_NUMBER_OBJECT_CONVERSION = YES_AGGRESSIVE;
				CLANG_CXX_LANGUAGE_STANDARD = "gnu++20";
				CLANG_ENABLE_MODULES = YES;
				CLANG_ENABLE_OBJC_ARC = YES;
				CLANG_ENABLE_OBJC_WEAK = YES;
				CLANG_WARN_BLOCK_CAPTURE_AUTORELEASING = YES;
				CLANG_WARN_BOOL_CONVERSION = YES;
				CLANG_WARN_COMMA = YES;
				CLANG_WARN_CONSTANT_CONVERSION = YES;
				CLANG_WARN_DEPRECATED_OBJC_IMPLEMENTATIONS = YES;
				CLANG_WARN_DIRECT_OBJC_ISA_USAGE = YES_ERROR;
				CLANG_WARN_DOCUMENTATION_COMMENTS = YES;
				CLANG_WARN_EMPTY_BODY = YES;
				CLANG_WARN_ENUM_CONVERSION = YES;
				CLANG_WARN_INFINITE_RECURSION = YES;
				CLANG_WARN_INT_CONVERSION = YES;
				CLANG_WARN_NON_LITERAL_NULL_CONVERSION = YES;
				CLANG_WARN_OBJC_IMPLICIT_RETAIN_SELF = YES;
				CLANG_WARN_OBJC_LITERAL_CONVERSION = YES;
				CLANG_WARN_OBJC_ROOT_CLASS = YES_ERROR;
				CLANG_WARN_QUOTED_INCLUDE_IN_FRAMEWORK_HEADER = YES;
				CLANG_WARN_RANGE_LOOP_ANALYSIS = YES;
				CLANG_WARN_STRICT_PROTOTYPES = YES;
				CLANG_WARN_SUSPICIOUS_MOVE = YES;
				CLANG_WARN_UNGUARDED_AVAILABILITY = YES_AGGRESSIVE;
				CLANG_WARN_UNREACHABLE_CODE = YES;
				CLANG_WARN__DUPLICATE_METHOD_MATCH = YES;
				COPY_PHASE_STRIP = NO;
				DEBUG_INFORMATION_FORMAT = dwarf;
				ENABLE_STRICT_OBJC_MSGSEND = YES;
				ENABLE_TESTABILITY = YES;
				ENABLE_USER_SCRIPT_SANDBOXING = YES;
				GCC_C_LANGUAGE_STANDARD = gnu17;
				GCC_DYNAMIC_NO_PIC = NO;
				GCC_NO_COMMON_BLOCKS = YES;
				GCC_OPTIMIZATION_LEVEL = 0;
				GCC_PREPROCESSOR_DEFINITIONS = (
					"DEBUG=1",
					"$(inherited)",
				);
				GCC_WARN_64_TO_32_BIT_CONVERSION = YES;
				GCC_WARN_ABOUT_RETURN_TYPE = YES_ERROR;
				GCC_WARN_UNDECLARED_SELECTOR = YES;
				GCC_WARN_UNINITIALIZED_AUTOS = YES_AGGRESSIVE;
				GCC_WARN_UNUSED_FUNCTION = YES;
				GCC_WARN_UNUSED_VARIABLE = YES;
				IPHONEOS_DEPLOYMENT_TARGET = 17.5;
				LOCALIZATION_PREFERS_STRING_CATALOGS = YES;
				MTL_ENABLE_DEBUG_INFO = INCLUDE_SOURCE;
				MTL_FAST_MATH = YES;
				ONLY_ACTIVE_ARCH = YES;
				SDKROOT = iphoneos;
				SWIFT_ACTIVE_COMPILATION_CONDITIONS = "DEBUG $(inherited)";
				SWIFT_OPTIMIZATION_LEVEL = "-Onone";
			};
			name = Debug;
		};
		7FAC5D672CC550D700B6E00C /* Release */ = {
			isa = XCBuildConfiguration;
			buildSettings = {
				ALWAYS_SEARCH_USER_PATHS = NO;
				ASSETCATALOG_COMPILER_GENERATE_SWIFT_ASSET_SYMBOL_EXTENSIONS = YES;
				CLANG_ANALYZER_NONNULL = YES;
				CLANG_ANALYZER_NUMBER_OBJECT_CONVERSION = YES_AGGRESSIVE;
				CLANG_CXX_LANGUAGE_STANDARD = "gnu++20";
				CLANG_ENABLE_MODULES = YES;
				CLANG_ENABLE_OBJC_ARC = YES;
				CLANG_ENABLE_OBJC_WEAK = YES;
				CLANG_WARN_BLOCK_CAPTURE_AUTORELEASING = YES;
				CLANG_WARN_BOOL_CONVERSION = YES;
				CLANG_WARN_COMMA = YES;
				CLANG_WARN_CONSTANT_CONVERSION = YES;
				CLANG_WARN_DEPRECATED_OBJC_IMPLEMENTATIONS = YES;
				CLANG_WARN_DIRECT_OBJC_ISA_USAGE = YES_ERROR;
				CLANG_WARN_DOCUMENTATION_COMMENTS = YES;
				CLANG_WARN_EMPTY_BODY = YES;
				CLANG_WARN_ENUM_CONVERSION = YES;
				CLANG_WARN_INFINITE_RECURSION = YES;
				CLANG_WARN_INT_CONVERSION = YES;
				CLANG_WARN_NON_LITERAL_NULL_CONVERSION = YES;
				CLANG_WARN_OBJC_IMPLICIT_RETAIN_SELF = YES;
				CLANG_WARN_OBJC_LITERAL_CONVERSION = YES;
				CLANG_WARN_OBJC_ROOT_CLASS = YES_ERROR;
				CLANG_WARN_QUOTED_INCLUDE_IN_FRAMEWORK_HEADER = YES;
				CLANG_WARN_RANGE_LOOP_ANALYSIS = YES;
				CLANG_WARN_STRICT_PROTOTYPES = YES;
				CLANG_WARN_SUSPICIOUS_MOVE = YES;
				CLANG_WARN_UNGUARDED_AVAILABILITY = YES_AGGRESSIVE;
				CLANG_WARN_UNREACHABLE_CODE = YES;
				CLANG_WARN__DUPLICATE_METHOD_MATCH = YES;
				COPY_PHASE_STRIP = NO;
				DEBUG_INFORMATION_FORMAT = "dwarf-with-dsym";
				ENABLE_NS_ASSERTIONS = NO;
				ENABLE_STRICT_OBJC_MSGSEND = YES;
				ENABLE_USER_SCRIPT_SANDBOXING = YES;
				GCC_C_LANGUAGE_STANDARD = gnu17;
				GCC_NO_COMMON_BLOCKS = YES;
				GCC_WARN_64_TO_32_BIT_CONVERSION = YES;
				GCC_WARN_ABOUT_RETURN_TYPE = YES_ERROR;
				GCC_WARN_UNDECLARED_SELECTOR = YES;
				GCC_WARN_UNINITIALIZED_AUTOS = YES_AGGRESSIVE;
				GCC_WARN_UNUSED_FUNCTION = YES;
				GCC_WARN_UNUSED_VARIABLE = YES;
				IPHONEOS_DEPLOYMENT_TARGET = 17.5;
				LOCALIZATION_PREFERS_STRING_CATALOGS = YES;
				MTL_ENABLE_DEBUG_INFO = NO;
				MTL_FAST_MATH = YES;
				SDKROOT = iphoneos;
				SWIFT_COMPILATION_MODE = wholemodule;
				VALIDATE_PRODUCT = YES;
			};
			name = Release;
		};
		7FAC5D692CC550D700B6E00C /* Debug */ = {
			isa = XCBuildConfiguration;
			buildSettings = {
				ASSETCATALOG_COMPILER_APPICON_NAME = AppIcon;
				ASSETCATALOG_COMPILER_GLOBAL_ACCENT_COLOR_NAME = AccentColor;
				CODE_SIGN_STYLE = Automatic;
				CURRENT_PROJECT_VERSION = 1;
				DEVELOPMENT_ASSET_PATHS = "\"BetMeUpFinalized/Preview Content\"";
				DEVELOPMENT_TEAM = 575PRHZ9KY;
				ENABLE_PREVIEWS = YES;
				GENERATE_INFOPLIST_FILE = YES;
				INFOPLIST_KEY_UIApplicationSceneManifest_Generation = YES;
				INFOPLIST_KEY_UIApplicationSupportsIndirectInputEvents = YES;
				INFOPLIST_KEY_UILaunchScreen_Generation = YES;
				INFOPLIST_KEY_UISupportedInterfaceOrientations_iPad = "UIInterfaceOrientationPortrait UIInterfaceOrientationPortraitUpsideDown UIInterfaceOrientationLandscapeLeft UIInterfaceOrientationLandscapeRight";
				INFOPLIST_KEY_UISupportedInterfaceOrientations_iPhone = "UIInterfaceOrientationPortrait UIInterfaceOrientationLandscapeLeft UIInterfaceOrientationLandscapeRight";
				LD_RUNPATH_SEARCH_PATHS = (
					"$(inherited)",
					"@executable_path/Frameworks",
				);
				MARKETING_VERSION = 1.0;
				PRODUCT_BUNDLE_IDENTIFIER = com.songyuanliu.BetMeUpFinalized;
				PRODUCT_NAME = "$(TARGET_NAME)";
				SWIFT_EMIT_LOC_STRINGS = YES;
				SWIFT_VERSION = 5.0;
				TARGETED_DEVICE_FAMILY = "1,2";
			};
			name = Debug;
		};
		7FAC5D6A2CC550D700B6E00C /* Release */ = {
			isa = XCBuildConfiguration;
			buildSettings = {
				ASSETCATALOG_COMPILER_APPICON_NAME = AppIcon;
				ASSETCATALOG_COMPILER_GLOBAL_ACCENT_COLOR_NAME = AccentColor;
				CODE_SIGN_STYLE = Automatic;
				CURRENT_PROJECT_VERSION = 1;
				DEVELOPMENT_ASSET_PATHS = "\"BetMeUpFinalized/Preview Content\"";
				DEVELOPMENT_TEAM = 575PRHZ9KY;
				ENABLE_PREVIEWS = YES;
				GENERATE_INFOPLIST_FILE = YES;
				INFOPLIST_KEY_UIApplicationSceneManifest_Generation = YES;
				INFOPLIST_KEY_UIApplicationSupportsIndirectInputEvents = YES;
				INFOPLIST_KEY_UILaunchScreen_Generation = YES;
				INFOPLIST_KEY_UISupportedInterfaceOrientations_iPad = "UIInterfaceOrientationPortrait UIInterfaceOrientationPortraitUpsideDown UIInterfaceOrientationLandscapeLeft UIInterfaceOrientationLandscapeRight";
				INFOPLIST_KEY_UISupportedInterfaceOrientations_iPhone = "UIInterfaceOrientationPortrait UIInterfaceOrientationLandscapeLeft UIInterfaceOrientationLandscapeRight";
				LD_RUNPATH_SEARCH_PATHS = (
					"$(inherited)",
					"@executable_path/Frameworks",
				);
				MARKETING_VERSION = 1.0;
				PRODUCT_BUNDLE_IDENTIFIER = com.songyuanliu.BetMeUpFinalized;
				PRODUCT_NAME = "$(TARGET_NAME)";
				SWIFT_EMIT_LOC_STRINGS = YES;
				SWIFT_VERSION = 5.0;
				TARGETED_DEVICE_FAMILY = "1,2";
			};
			name = Release;
		};
/* End XCBuildConfiguration section */

/* Begin XCConfigurationList section */
		7FAC5D552CC550D600B6E00C /* Build configuration list for PBXProject "BetMeUpFinalized" */ = {
			isa = XCConfigurationList;
			buildConfigurations = (
				7FAC5D662CC550D700B6E00C /* Debug */,
				7FAC5D672CC550D700B6E00C /* Release */,
			);
			defaultConfigurationIsVisible = 0;
			defaultConfigurationName = Release;
		};
		7FAC5D682CC550D700B6E00C /* Build configuration list for PBXNativeTarget "BetMeUpFinalized" */ = {
			isa = XCConfigurationList;
			buildConfigurations = (
				7FAC5D692CC550D700B6E00C /* Debug */,
				7FAC5D6A2CC550D700B6E00C /* Release */,
			);
			defaultConfigurationIsVisible = 0;
			defaultConfigurationName = Release;
		};
/* End XCConfigurationList section */
	};
	rootObject = 7FAC5D522CC550D600B6E00C /* Project object */;
}
